<?xml version="1.0" encoding="utf-8"?>
<Project ToolsVersion="4.0" xmlns="http://schemas.microsoft.com/developer/msbuild/2003">
  <ItemGroup>
    <Filter Include="源文件">
      <UniqueIdentifier>{4FC737F1-C7A5-4376-A066-2A32D752A2FF}</UniqueIdentifier>
      <Extensions>cpp;c;cc;cxx;c++;cppm;ixx;def;odl;idl;hpj;bat;asm;asmx</Extensions>
    </Filter>
    <Filter Include="头文件">
      <UniqueIdentifier>{93995380-89BD-4b04-88EB-625FBE52EBFB}</UniqueIdentifier>
      <Extensions>h;hh;hpp;hxx;h++;hm;inl;inc;ipp;xsd</Extensions>
    </Filter>
    <Filter Include="资源文件">
      <UniqueIdentifier>{67DA6AB6-F800-4c08-8B7A-83BB121AAD01}</UniqueIdentifier>
      <Extensions>rc;ico;cur;bmp;dlg;rc2;rct;bin;rgs;gif;jpg;jpeg;jpe;resx;tiff;tif;png;wav;mfcribbon-ms</Extensions>
    </Filter>
    <Filter Include="源文件\app">
      <UniqueIdentifier>{DE340101-390D-4B7B-A07E-2E9FD40D57B2}</UniqueIdentifier>
    </Filter>
    <Filter Include="源文件\core\common\config">
      <UniqueIdentifier>{AC6D7652-7DE9-476B-A9AE-88935EF1A1A6}</UniqueIdentifier>
    </Filter>
    <Filter Include="源文件\core\common\error">
      <UniqueIdentifier>{8C252370-2F73-4D50-BD85-BE2DB88DD112}</UniqueIdentifier>
    </Filter>
    <Filter Include="源文件\core\common\log">
      <UniqueIdentifier>{D923F8AE-FD5A-4CB3-8F14-14EA8AC0BE7E}</UniqueIdentifier>
    </Filter>
    <Filter Include="源文件\core\common\numeric">
      <UniqueIdentifier>{980E98CC-4A5C-4E24-B7D2-9076E88D7D45}</UniqueIdentifier>
    </Filter>
    <Filter Include="源文件\core\common\version">
      <UniqueIdentifier>{9D08C441-8D03-44D7-A336-3DA2C3B1D593}</UniqueIdentifier>
    </Filter>
    <Filter Include="源文件\preprocess\binding">
      <UniqueIdentifier>{D62B28D1-C2E1-4EA1-8AC4-C1B973D4E06E}</UniqueIdentifier>
    </Filter>
    <Filter Include="源文件\preprocess\build">
      <UniqueIdentifier>{124B0AF3-F1AE-4BF0-A99F-53A79B7E36B8}</UniqueIdentifier>
    </Filter>
    <Filter Include="源文件\preprocess\import">
      <UniqueIdentifier>{F9C6D04D-CE10-4207-9A3F-725D73A54C93}</UniqueIdentifier>
    </Filter>
    <Filter Include="源文件\preprocess\accel">
      <UniqueIdentifier>{6AF0FAEF-E909-4EA6-BD8D-E42D1C981841}</UniqueIdentifier>
    </Filter>
    <Filter Include="源文件\preprocess\cache">
      <UniqueIdentifier>{2F993AA1-B9CC-477E-B1E2-920BEA00B868}</UniqueIdentifier>
    </Filter>
    <Filter Include="源文件\core\query">
      <UniqueIdentifier>{E2E27B79-47D7-42B4-BE7A-B16E53F33AA7}</UniqueIdentifier>
    </Filter>
    <Filter Include="源文件\core\search">
      <UniqueIdentifier>{B8811E56-BB36-4310-B55A-01C6E43E3D74}</UniqueIdentifier>
    </Filter>
    <Filter Include="源文件\core\em">
      <UniqueIdentifier>{0C2EC51F-B364-4F98-9F96-0D286A8C4A4F}</UniqueIdentifier>
    </Filter>
    <Filter Include="源文件\core\result">
      <UniqueIdentifier>{AD99381D-2AE7-4FB6-9A32-5A60D50FBBCF}</UniqueIdentifier>
    </Filter>
    <Filter Include="头文件\app">
      <UniqueIdentifier>{0939F84F-E13A-4E83-8E1B-39786B070122}</UniqueIdentifier>
    </Filter>
    <Filter Include="头文件\core\common\config">
      <UniqueIdentifier>{C01A5F69-A75B-4337-9D9D-AE1083346E38}</UniqueIdentifier>
    </Filter>
    <Filter Include="头文件\core\common\error">
      <UniqueIdentifier>{491B89E7-46A7-4E6F-83D4-D39DB7D9BA8F}</UniqueIdentifier>
    </Filter>
    <Filter Include="头文件\core\common\log">
      <UniqueIdentifier>{63973443-1C44-4A5F-9B69-D30E8E1E1715}</UniqueIdentifier>
    </Filter>
    <Filter Include="头文件\core\common\numeric">
      <UniqueIdentifier>{74240BB8-6F0C-4D73-8E1E-6D07A982E20D}</UniqueIdentifier>
    </Filter>
    <Filter Include="头文件\core\common\version">
      <UniqueIdentifier>{9DF1FB31-D061-430C-8D40-431CC6E5447D}</UniqueIdentifier>
    </Filter>
    <Filter Include="头文件\core\scene">
      <UniqueIdentifier>{D3F771EA-CAB9-4333-B114-C937F0A0A834}</UniqueIdentifier>
    </Filter>
    <Filter Include="头文件\preprocess\binding">
      <UniqueIdentifier>{13A61552-6A15-42F4-BD82-20E65D17AEBE}</UniqueIdentifier>
    </Filter>
    <Filter Include="头文件\preprocess\build">
      <UniqueIdentifier>{833E4E15-5D89-4347-8444-619A9D7A4E30}</UniqueIdentifier>
    </Filter>
    <Filter Include="头文件\preprocess\import">
      <UniqueIdentifier>{84684C36-07DD-438E-98D4-4A24D9D0DE61}</UniqueIdentifier>
    </Filter>
    <Filter Include="头文件\preprocess\accel">
      <UniqueIdentifier>{339FCF2B-A706-4E92-AF96-97C1F50A6B9F}</UniqueIdentifier>
    </Filter>
    <Filter Include="头文件\preprocess\cache">
      <UniqueIdentifier>{3A80C7D6-6D43-4AB6-86DB-55B8357B5918}</UniqueIdentifier>
    </Filter>
    <Filter Include="头文件\core\query">
      <UniqueIdentifier>{7E6D2B2E-72FA-4C6D-9A47-C6D481ADF93B}</UniqueIdentifier>
    </Filter>
    <Filter Include="头文件\core\path">
      <UniqueIdentifier>{532AA54A-5D5A-43C8-B8D3-EEF2992D5699}</UniqueIdentifier>
    </Filter>
    <Filter Include="头文件\core\search">
      <UniqueIdentifier>{8F98005E-BE99-429B-A6A4-923A7FE5FB24}</UniqueIdentifier>
    </Filter>
    <Filter Include="头文件\core\em">
      <UniqueIdentifier>{EEA65ECA-3CD2-4413-B2DB-F8C838D9102E}</UniqueIdentifier>
    </Filter>
    <Filter Include="头文件\core\result">
      <UniqueIdentifier>{0FBAE568-08DE-4676-8F7A-B90F4BB70D9D}</UniqueIdentifier>
    </Filter>
  </ItemGroup>
  <ItemGroup>
    <ClCompile Include="app\Batch5SearchReporter.cpp">
      <Filter>源文件\app</Filter>
    </ClCompile>
    <ClCompile Include="app\Batch6ExpanderReporter.cpp">
      <Filter>源文件\app</Filter>
    </ClCompile>
    <ClCompile Include="app\Batch7EMReporter.cpp">
      <Filter>源文件\app</Filter>
    </ClCompile>
    <ClCompile Include="app\Batch8AggregateReporter.cpp">
      <Filter>源文件\app</Filter>
    </ClCompile>
    <ClCompile Include="app\main.cpp">
      <Filter>源文件\app</Filter>
    </ClCompile>
    <ClCompile Include="app\RtPipeline.cpp">
      <Filter>源文件\app</Filter>
    </ClCompile>
    <ClCompile Include="app\SceneBatch2Reporter.cpp">
      <Filter>源文件\app</Filter>
    </ClCompile>
    <ClCompile Include="app\SceneBatch3Reporter.cpp">
      <Filter>源文件\app</Filter>
    </ClCompile>
    <ClCompile Include="app\SceneBatch4Reporter.cpp">
      <Filter>源文件\app</Filter>
    </ClCompile>
    <ClCompile Include="core\common\config\AppConfigJsonCodec.cpp">
      <Filter>源文件\core\common\config</Filter>
    </ClCompile>
    <ClCompile Include="core\common\config\AppConfigLoader.cpp">
      <Filter>源文件\core\common\config</Filter>
    </ClCompile>
    <ClCompile Include="core\common\config\ConfigSelfCheck.cpp">
      <Filter>源文件\core\common\config</Filter>
    </ClCompile>
    <ClCompile Include="core\common\config\AppConfigSnapshotWriter.cpp">
      <Filter>源文件\core\common\config</Filter>
    </ClCompile>
    <ClCompile Include="core\common\config\AppConfigValidator.cpp">
      <Filter>源文件\core\common\config</Filter>
    </ClCompile>
    <ClCompile Include="preprocess\binding\MaterialRuleLoader.cpp">
      <Filter>源文件\preprocess\binding</Filter>
    </ClCompile>
    <ClCompile Include="preprocess\binding\ResolveFaceDualSideMaterial.cpp">
      <Filter>源文件\preprocess\binding</Filter>
    </ClCompile>
    <ClCompile Include="preprocess\build\SceneImporter.cpp">
      <Filter>源文件\preprocess\build</Filter>
    </ClCompile>
    <ClCompile Include="preprocess\build\SceneTopologyBuilder.cpp">
      <Filter>源文件\preprocess\build</Filter>
    </ClCompile>
    <ClCompile Include="preprocess\build\SceneQueryBuilder.cpp">
      <Filter>源文件\preprocess\build</Filter>
    </ClCompile>
    <ClCompile Include="preprocess\build\EdgeBuilder.cpp">
      <Filter>源文件\preprocess\build</Filter>
    </ClCompile>
    <ClCompile Include="preprocess\build\WedgeBuilder.cpp">
      <Filter>源文件\preprocess\build</Filter>
    </ClCompile>
    <ClCompile Include="preprocess\build\SceneDiagnostics.cpp">
      <Filter>源文件\preprocess\build</Filter>
    </ClCompile>
    <ClCompile Include="preprocess\build\SceneMaterialBinding.cpp">
      <Filter>源文件\preprocess\build</Filter>
    </ClCompile>
    <ClCompile Include="preprocess\accel\FaceBVHBuilder.cpp">
      <Filter>源文件\preprocess\accel</Filter>
    </ClCompile>
    <ClCompile Include="preprocess\accel\WedgeAccelerationBuilder.cpp">
      <Filter>源文件\preprocess\accel</Filter>
    </ClCompile>
    <ClCompile Include="preprocess\accel\SceneAcceleration.cpp">
      <Filter>源文件\preprocess\accel</Filter>
    </ClCompile>
    <ClCompile Include="preprocess\cache\SceneCache.cpp">
      <Filter>源文件\preprocess\cache</Filter>
    </ClCompile>
    <ClCompile Include="core\query\SceneQuery.cpp">
      <Filter>源文件\core\query</Filter>
    </ClCompile>
    <ClCompile Include="core\search\DiffractionExpander.cpp">
      <Filter>源文件\core\search</Filter>
    </ClCompile>
    <ClCompile Include="core\search\GeometryValidity.cpp">
      <Filter>源文件\core\search</Filter>
    </ClCompile>
    <ClCompile Include="core\search\ReflectionExpander.cpp">
      <Filter>源文件\core\search</Filter>
    </ClCompile>
    <ClCompile Include="core\search\ResolveMediumTransition.cpp">
      <Filter>源文件\core\search</Filter>
    </ClCompile>
    <ClCompile Include="core\search\SearchEngine.cpp">
      <Filter>源文件\core\search</Filter>
    </ClCompile>
    <ClCompile Include="core\search\TransmissionExpander.cpp">
      <Filter>源文件\core\search</Filter>
    </ClCompile>
    <ClCompile Include="core\search\StateSignatureBuilder.cpp">
      <Filter>源文件\core\search</Filter>
    </ClCompile>
    <ClCompile Include="core\search\PathSignatureBuilder.cpp">
      <Filter>源文件\core\search</Filter>
    </ClCompile>
    <ClCompile Include="core\em\PreparePathForEM.cpp">
      <Filter>源文件\core\em</Filter>
    </ClCompile>
    <ClCompile Include="core\em\InitializeTxField.cpp">
      <Filter>源文件\core\em</Filter>
    </ClCompile>
    <ClCompile Include="core\em\ApplyFreeSpaceSegment.cpp">
      <Filter>源文件\core\em</Filter>
    </ClCompile>
    <ClCompile Include="core\em\ApplyReflectionInteraction.cpp">
      <Filter>源文件\core\em</Filter>
    </ClCompile>
    <ClCompile Include="core\em\ApplyTransmissionInteraction.cpp">
      <Filter>源文件\core\em</Filter>
    </ClCompile>
    <ClCompile Include="core\em\ApplyDiffractionInteraction.cpp">
      <Filter>源文件\core\em</Filter>
    </ClCompile>
    <ClCompile Include="core\em\FinalizeAtReceiver.cpp">
      <Filter>源文件\core\em</Filter>
    </ClCompile>
    <ClCompile Include="core\em\BuildCIR.cpp">
      <Filter>源文件\core\em</Filter>
    </ClCompile>
    <ClCompile Include="core\em\BuildPDP.cpp">
      <Filter>源文件\core\em</Filter>
    </ClCompile>
    <ClCompile Include="core\em\BuildAPS.cpp">
      <Filter>源文件\core\em</Filter>
    </ClCompile>
    <ClCompile Include="core\em\BuildChannelStatistics.cpp">
      <Filter>源文件\core\em</Filter>
    </ClCompile>
    <ClCompile Include="core\em\BuildCoverageResult.cpp">
      <Filter>源文件\core\em</Filter>
    </ClCompile>
    <ClCompile Include="core\em\BuildISACFeatureSet.cpp">
      <Filter>源文件\core\em</Filter>
    </ClCompile>
    <ClCompile Include="core\em\PreciseEMProfile.cpp">
      <Filter>源文件\core\em</Filter>
    </ClCompile>
    <ClCompile Include="core\em\CoverageEMProfile.cpp">
      <Filter>源文件\core\em</Filter>
    </ClCompile>
    <ClCompile Include="core\result\ResultExportUtils.cpp">
      <Filter>源文件\core\result</Filter>
    </ClCompile>
    <ClCompile Include="core\result\ExportPaths.cpp">
      <Filter>源文件\core\result</Filter>
    </ClCompile>
    <ClCompile Include="core\result\ExportChannel.cpp">
      <Filter>源文件\core\result</Filter>
    </ClCompile>
    <ClCompile Include="core\result\ExportCoverage.cpp">
      <Filter>源文件\core\result</Filter>
    </ClCompile>
    <ClCompile Include="core\result\ExportISAC.cpp">
      <Filter>源文件\core\result</Filter>
    </ClCompile>
    <ClCompile Include="core\result\ExportVisualization.cpp">
      <Filter>源文件\core\result</Filter>
    </ClCompile>
    <ClCompile Include="core\result\ValidationReportWriter.cpp">
      <Filter>源文件\core\result</Filter>
    </ClCompile>
    <ClCompile Include="core\result\RegressionReportWriter.cpp">
      <Filter>源文件\core\result</Filter>
    </ClCompile>
    <ClCompile Include="preprocess\import\OBJImporter.cpp">
      <Filter>源文件\preprocess\import</Filter>
    </ClCompile>
    <ClCompile Include="core\common\error\RtError.cpp">
      <Filter>源文件\core\common\error</Filter>
    </ClCompile>
    <ClCompile Include="core\common\log\Logger.cpp">
      <Filter>源文件\core\common\log</Filter>
    </ClCompile>
    <ClCompile Include="core\common\numeric\NumericToleranceConfig.cpp">
      <Filter>源文件\core\common\numeric</Filter>
    </ClCompile>
    <ClCompile Include="core\common\version\VersionInfo.cpp">
      <Filter>源文件\core\common\version</Filter>
    </ClCompile>
  </ItemGroup>
  <ItemGroup>
    <ClInclude Include="app\Batch5SearchReporter.h">
      <Filter>头文件\app</Filter>
    </ClInclude>
    <ClInclude Include="app\Batch6ExpanderReporter.h">
      <Filter>头文件\app</Filter>
    </ClInclude>
    <ClInclude Include="app\Batch7EMReporter.h">
      <Filter>头文件\app</Filter>
    </ClInclude>
    <ClInclude Include="app\Batch8AggregateReporter.h">
      <Filter>头文件\app</Filter>
    </ClInclude>
    <ClInclude Include="app\RtPipeline.h">
      <Filter>头文件\app</Filter>
    </ClInclude>
    <ClInclude Include="app\SceneBatch2Reporter.h">
      <Filter>头文件\app</Filter>
    </ClInclude>
    <ClInclude Include="app\SceneBatch3Reporter.h">
      <Filter>头文件\app</Filter>
    </ClInclude>
    <ClInclude Include="app\SceneBatch4Reporter.h">
      <Filter>头文件\app</Filter>
    </ClInclude>
    <ClInclude Include="core\common\config\AppConfig.h">
      <Filter>头文件\core\common\config</Filter>
    </ClInclude>
    <ClInclude Include="core\common\config\AppConfigJsonCodec.h">
      <Filter>头文件\core\common\config</Filter>
    </ClInclude>
    <ClInclude Include="core\common\config\AppConfigLoader.h">
      <Filter>头文件\core\common\config</Filter>
    </ClInclude>
    <ClInclude Include="core\common\config\ConfigSelfCheck.h">
      <Filter>头文件\core\common\config</Filter>
    </ClInclude>
    <ClInclude Include="core\common\config\AppConfigSnapshotWriter.h">
      <Filter>头文件\core\common\config</Filter>
    </ClInclude>
    <ClInclude Include="core\common\config\AppConfigValidator.h">
      <Filter>头文件\core\common\config</Filter>
    </ClInclude>
    <ClInclude Include="core\scene\Edge.h">
      <Filter>头文件\core\scene</Filter>
    </ClInclude>
    <ClInclude Include="core\common\error\ErrorCode.h">
      <Filter>头文件\core\common\error</Filter>
    </ClInclude>
    <ClInclude Include="core\scene\Face.h">
      <Filter>头文件\core\scene</Filter>
    </ClInclude>
    <ClInclude Include="core\common\error\RtError.h">
      <Filter>头文件\core\common\error</Filter>
    </ClInclude>
    <ClInclude Include="core\common\log\Logger.h">
      <Filter>头文件\core\common\log</Filter>
    </ClInclude>
    <ClInclude Include="core\common\numeric\NumericToleranceConfig.h">
      <Filter>头文件\core\common\numeric</Filter>
    </ClInclude>
    <ClInclude Include="preprocess\binding\MaterialRuleLoader.h">
      <Filter>头文件\preprocess\binding</Filter>
    </ClInclude>
    <ClInclude Include="preprocess\binding\ResolveFaceDualSideMaterial.h">
      <Filter>头文件\preprocess\binding</Filter>
    </ClInclude>
    <ClInclude Include="preprocess\build\SceneImporter.h">
      <Filter>头文件\preprocess\build</Filter>
    </ClInclude>
    <ClInclude Include="preprocess\build\SceneTopologyBuilder.h">
      <Filter>头文件\preprocess\build</Filter>
    </ClInclude>
    <ClInclude Include="preprocess\build\SceneQueryBuilder.h">
      <Filter>头文件\preprocess\build</Filter>
    </ClInclude>
    <ClInclude Include="preprocess\build\EdgeBuilder.h">
      <Filter>头文件\preprocess\build</Filter>
    </ClInclude>
    <ClInclude Include="preprocess\build\WedgeBuilder.h">
      <Filter>头文件\preprocess\build</Filter>
    </ClInclude>
    <ClInclude Include="preprocess\build\SceneDiagnostics.h">
      <Filter>头文件\preprocess\build</Filter>
    </ClInclude>
    <ClInclude Include="preprocess\build\SceneMaterialBinding.h">
      <Filter>头文件\preprocess\build</Filter>
    </ClInclude>
    <ClInclude Include="preprocess\accel\FaceBVHBuilder.h">
      <Filter>头文件\preprocess\accel</Filter>
    </ClInclude>
    <ClInclude Include="preprocess\accel\WedgeAccelerationBuilder.h">
      <Filter>头文件\preprocess\accel</Filter>
    </ClInclude>
    <ClInclude Include="preprocess\accel\SceneAcceleration.h">
      <Filter>头文件\preprocess\accel</Filter>
    </ClInclude>
    <ClInclude Include="preprocess\cache\SceneCache.h">
      <Filter>头文件\preprocess\cache</Filter>
    </ClInclude>
    <ClInclude Include="preprocess\cache\SceneCacheMeta.h">
      <Filter>头文件\preprocess\cache</Filter>
    </ClInclude>
    <ClInclude Include="preprocess\cache\SceneCacheContent.h">
      <Filter>头文件\preprocess\cache</Filter>
    </ClInclude>
    <ClInclude Include="core\query\SceneQuery.h">
      <Filter>头文件\core\query</Filter>
    </ClInclude>
    <ClInclude Include="core\path\InteractionType.h">
      <Filter>头文件\core\path</Filter>
    </ClInclude>
    <ClInclude Include="core\path\PathNode.h">
      <Filter>头文件\core\path</Filter>
    </ClInclude>
    <ClInclude Include="core\path\GeometricPath.h">
      <Filter>头文件\core\path</Filter>
    </ClInclude>
    <ClInclude Include="core\path\PathState.h">
      <Filter>头文件\core\path</Filter>
    </ClInclude>
    <ClInclude Include="core\path\PathSearchContext.h">
      <Filter>头文件\core\path</Filter>
    </ClInclude>
    <ClInclude Include="core\search\DiffractionExpander.h">
      <Filter>头文件\core\search</Filter>
    </ClInclude>
    <ClInclude Include="core\search\GeometryValidity.h">
      <Filter>头文件\core\search</Filter>
    </ClInclude>
    <ClInclude Include="core\search\ReflectionExpander.h">
      <Filter>头文件\core\search</Filter>
    </ClInclude>
    <ClInclude Include="core\search\ResolveMediumTransition.h">
      <Filter>头文件\core\search</Filter>
    </ClInclude>
    <ClInclude Include="core\search\SearchEngine.h">
      <Filter>头文件\core\search</Filter>
    </ClInclude>
    <ClInclude Include="core\search\TransmissionExpander.h">
      <Filter>头文件\core\search</Filter>
    </ClInclude>
    <ClInclude Include="core\search\StateSignatureBuilder.h">
      <Filter>头文件\core\search</Filter>
    </ClInclude>
    <ClInclude Include="core\search\PathSignatureBuilder.h">
      <Filter>头文件\core\search</Filter>
    </ClInclude>
    <ClInclude Include="core\em\EMSolverInput.h">
      <Filter>头文件\core\em</Filter>
    </ClInclude>
    <ClInclude Include="core\em\FieldAccumulator.h">
      <Filter>头文件\core\em</Filter>
    </ClInclude>
    <ClInclude Include="core\em\EMPathResult.h">
      <Filter>头文件\core\em</Filter>
    </ClInclude>
    <ClInclude Include="core\em\PreparePathForEM.h">
      <Filter>头文件\core\em</Filter>
    </ClInclude>
    <ClInclude Include="core\em\InitializeTxField.h">
      <Filter>头文件\core\em</Filter>
    </ClInclude>
    <ClInclude Include="core\em\ApplyFreeSpaceSegment.h">
      <Filter>头文件\core\em</Filter>
    </ClInclude>
    <ClInclude Include="core\em\ApplyReflectionInteraction.h">
      <Filter>头文件\core\em</Filter>
    </ClInclude>
    <ClInclude Include="core\em\ApplyTransmissionInteraction.h">
      <Filter>头文件\core\em</Filter>
    </ClInclude>
    <ClInclude Include="core\em\ApplyDiffractionInteraction.h">
      <Filter>头文件\core\em</Filter>
    </ClInclude>
    <ClInclude Include="core\em\FinalizeAtReceiver.h">
      <Filter>头文件\core\em</Filter>
    </ClInclude>
    <ClInclude Include="core\em\EMProfile.h">
      <Filter>头文件\core\em</Filter>
    </ClInclude>
    <ClInclude Include="core\em\BuildCIR.h">
      <Filter>头文件\core\em</Filter>
    </ClInclude>
    <ClInclude Include="core\em\BuildPDP.h">
      <Filter>头文件\core\em</Filter>
    </ClInclude>
    <ClInclude Include="core\em\BuildAPS.h">
      <Filter>头文件\core\em</Filter>
    </ClInclude>
    <ClInclude Include="core\em\BuildChannelStatistics.h">
      <Filter>头文件\core\em</Filter>
    </ClInclude>
    <ClInclude Include="core\em\BuildCoverageResult.h">
      <Filter>头文件\core\em</Filter>
    </ClInclude>
    <ClInclude Include="core\em\BuildISACFeatureSet.h">
      <Filter>头文件\core\em</Filter>
    </ClInclude>
    <ClInclude Include="core\em\PreciseEMProfile.h">
      <Filter>头文件\core\em</Filter>
    </ClInclude>
    <ClInclude Include="core\em\CoverageEMProfile.h">
      <Filter>头文件\core\em</Filter>
    </ClInclude>
    <ClInclude Include="core\result\ValidationReport.h">
      <Filter>头文件\core\result</Filter>
    </ClInclude>
    <ClInclude Include="core\result\RegressionReport.h">
      <Filter>头文件\core\result</Filter>
    </ClInclude>
    <ClInclude Include="core\result\ResultExportContext.h">
      <Filter>头文件\core\result</Filter>
    </ClInclude>
    <ClInclude Include="core\result\ResultExportUtils.h">
      <Filter>头文件\core\result</Filter>
    </ClInclude>
    <ClInclude Include="core\result\ExportPaths.h">
      <Filter>头文件\core\result</Filter>
    </ClInclude>
    <ClInclude Include="core\result\ExportChannel.h">
      <Filter>头文件\core\result</Filter>
    </ClInclude>
    <ClInclude Include="core\result\ExportCoverage.h">
      <Filter>头文件\core\result</Filter>
    </ClInclude>
    <ClInclude Include="core\result\ExportISAC.h">
      <Filter>头文件\core\result</Filter>
    </ClInclude>
    <ClInclude Include="core\result\ExportVisualization.h">
      <Filter>头文件\core\result</Filter>
    </ClInclude>
    <ClInclude Include="core\result\ValidationReportWriter.h">
      <Filter>头文件\core\result</Filter>
    </ClInclude>
    <ClInclude Include="core\result\RegressionReportWriter.h">
      <Filter>头文件\core\result</Filter>
    </ClInclude>
    <ClInclude Include="preprocess\import\OBJImporter.h">
      <Filter>头文件\preprocess\import</Filter>
    </ClInclude>
    <ClInclude Include="core\scene\Scene.h">
      <Filter>头文件\core\scene</Filter>
    </ClInclude>
    <ClInclude Include="core\scene\SceneMaterialBinding.h">
      <Filter>头文件\core\scene</Filter>
    </ClInclude>
    <ClInclude Include="core\scene\SceneMeta.h">
      <Filter>头文件\core\scene</Filter>
    </ClInclude>
    <ClInclude Include="core\common\version\VersionInfo.h">
      <Filter>头文件\core\common\version</Filter>
    </ClInclude>
    <ClInclude Include="core\scene\Wedge.h">
      <Filter>头文件\core\scene</Filter>
    </ClInclude>
  </ItemGroup>
</Project>
